
Microsoft Visual Studio Solution File, Format Version 12.00
# Visual Studio Version 17
VisualStudioVersion = 17.4.33403.182
MinimumVisualStudioVersion = 10.0.40219.1
Project("{FAE04EC0-301F-11D3-BF4B-00C04F79EFBC}") = "ECommerce.Domain", "ECommerce.Domain\ECommerce.Domain.csproj", "{7B18F5D4-C1AD-4DC3-875E-92803D91183D}"
EndProject
Project("{FAE04EC0-301F-11D3-BF4B-00C04F79EFBC}") = "ECommerce.Persistence", "ECommerce.Persistence\ECommerce.Persistence.csproj", "{3B3C4617-E86E-4F39-9478-F1F5D0ABBB99}"
EndProject
Project("{FAE04EC0-301F-11D3-BF4B-00C04F79EFBC}") = "ECommerce.Infrastructure", "ECommerce.Infrastructure\ECommerce.Infrastructure.csproj", "{D9739CE7-EF9B-428C-A1C4-3F88339368CD}"
EndProject
Project("{FAE04EC0-301F-11D3-BF4B-00C04F79EFBC}") = "ECommerce.Application", "ECommerce.Application\ECommerce.Application.csproj", "{86BAD87D-D212-4856-A96A-17154435DA65}"
EndProject
Project("{FAE04EC0-301F-11D3-BF4B-00C04F79EFBC}") = "ECommerce.API", "ECommerce.API\ECommerce.API.csproj", "{D7401512-60B1-488F-A2C8-359C88E99DC6}"
EndProject
Global
	GlobalSection(SolutionConfigurationPlatforms) = preSolution
		Debug|Any CPU = Debug|Any CPU
		Release|Any CPU = Release|Any CPU
	EndGlobalSection
	GlobalSection(ProjectConfigurationPlatforms) = postSolution
		{7B18F5D4-C1AD-4DC3-875E-92803D91183D}.Debug|Any CPU.ActiveCfg = Debug|Any CPU
		{7B18F5D4-C1AD-4DC3-875E-92803D91183D}.Debug|Any CPU.Build.0 = Debug|Any CPU
		{7B18F5D4-C1AD-4DC3-875E-92803D91183D}.Release|Any CPU.ActiveCfg = Release|Any CPU
		{7B18F5D4-C1AD-4DC3-875E-92803D91183D}.Release|Any CPU.Build.0 = Release|Any CPU
		{3B3C4617-E86E-4F39-9478-F1F5D0ABBB99}.Debug|Any CPU.ActiveCfg = Debug|Any CPU
		{3B3C4617-E86E-4F39-9478-F1F5D0ABBB99}.Debug|Any CPU.Build.0 = Debug|Any CPU
		{3B3C4617-E86E-4F39-9478-F1F5D0ABBB99}.Release|Any CPU.ActiveCfg = Release|Any CPU
		{3B3C4617-E86E-4F39-9478-F1F5D0ABBB99}.Release|Any CPU.Build.0 = Release|Any CPU
		{D9739CE7-EF9B-428C-A1C4-3F88339368CD}.Debug|Any CPU.ActiveCfg = Debug|Any CPU
		{D9739CE7-EF9B-428C-A1C4-3F88339368CD}.Debug|Any CPU.Build.0 = Debug|Any CPU
		{D9739CE7-EF9B-428C-A1C4-3F88339368CD}.Release|Any CPU.ActiveCfg = Release|Any CPU
		{D9739CE7-EF9B-428C-A1C4-3F88339368CD}.Release|Any CPU.Build.0 = Release|Any CPU
		{86BAD87D-D212-4856-A96A-17154435DA65}.Debug|Any CPU.ActiveCfg = Debug|Any CPU
		{86BAD87D-D212-4856-A96A-17154435DA65}.Debug|Any CPU.Build.0 = Debug|Any CPU
		{86BAD87D-D212-4856-A96A-17154435DA65}.Release|Any CPU.ActiveCfg = Release|Any CPU
		{86BAD87D-D212-4856-A96A-17154435DA65}.Release|Any CPU.Build.0 = Release|Any CPU
		{D7401512-60B1-488F-A2C8-359C88E99DC6}.Debug|Any CPU.ActiveCfg = Debug|Any CPU
		{D7401512-60B1-488F-A2C8-359C88E99DC6}.Debug|Any CPU.Build.0 = Debug|Any CPU
		{D7401512-60B1-488F-A2C8-359C88E99DC6}.Release|Any CPU.ActiveCfg = Release|Any CPU
		{D7401512-60B1-488F-A2C8-359C88E99DC6}.Release|Any CPU.Build.0 = Release|Any CPU
	EndGlobalSection
	GlobalSection(SolutionProperties) = preSolution
		HideSolutionNode = FALSE
	EndGlobalSection
	GlobalSection(ExtensibilityGlobals) = postSolution
		SolutionGuid = {1E1AC611-1E2A-47B2-A464-4B145484638A}
	EndGlobalSection
EndGlobal
